
Microsoft Visual Studio Solution File, Format Version 12.00
# Visual Studio Version 17
VisualStudioVersion = 17.5.002.0
MinimumVisualStudioVersion = 10.0.40219.1
Project("{9A19103F-16F7-4668-BE54-9A1E7A4F7556}") = "DesafioFundamentos", "DesafioFundamentos\DesafioFundamentos.csproj", "{7EB30A9D-7B93-4814-BEE0-8891DAB1E2E9}"
EndProject
Global
	GlobalSection(SolutionConfigurationPlatforms) = preSolution
		Debug|Any CPU = Debug|Any CPU
		Release|Any CPU = Release|Any CPU
	EndGlobalSection
	GlobalSection(ProjectConfigurationPlatforms) = postSolution
		{7EB30A9D-7B93-4814-BEE0-8891DAB1E2E9}.Debug|Any CPU.ActiveCfg = Debug|Any CPU
		{7EB30A9D-7B93-4814-BEE0-8891DAB1E2E9}.Debug|Any CPU.Build.0 = Debug|Any CPU
		{7EB30A9D-7B93-4814-BEE0-8891DAB1E2E9}.Release|Any CPU.ActiveCfg = Release|Any CPU
		{7EB30A9D-7B93-4814-BEE0-8891DAB1E2E9}.Release|Any CPU.Build.0 = Release|Any CPU
	EndGlobalSection
	GlobalSection(SolutionProperties) = preSolution
		HideSolutionNode = FALSE
	EndGlobalSection
	GlobalSection(ExtensibilityGlobals) = postSolution
		SolutionGuid = {0815B43D-F775-4BD1-8937-8E5206EBB722}
	EndGlobalSection
EndGlobal
